{
  "name": "swarm",
  "version": "0.0.3",
  "dependencies": {
    "envify": {
      "version": "1.2.1",
      "from": "envify@~1.2.0",
      "resolved": "https://registry.npmjs.org/envify/-/envify-1.2.1.tgz",
      "dependencies": {
        "xtend": {
          "version": "2.1.2",
          "from": "xtend@~2.1.2",
          "resolved": "https://registry.npmjs.org/xtend/-/xtend-2.1.2.tgz",
          "dependencies": {
            "object-keys": {
              "version": "0.4.0",
              "from": "object-keys@~0.4.0",
              "resolved": "https://registry.npmjs.org/object-keys/-/object-keys-0.4.0.tgz"
            }
          }
        },
        "through": {
          "version": "2.3.4",
          "from": "through@~2.3.4",
          "resolved": "https://registry.npmjs.org/through/-/through-2.3.4.tgz"
        },
        "esprima-fb": {
          "version": "3001.1.0-dev-harmony-fb",
          "from": "esprima-fb@~3001.1.0-dev-harmony-fb",
          "resolved": "https://registry.npmjs.org/esprima-fb/-/esprima-fb-3001.0001.0000-dev-harmony-fb.tgz"
        },
        "jstransform": {
          "version": "3.0.0",
          "from": "jstransform@~3.0.0",
          "resolved": "https://registry.npmjs.org/jstransform/-/jstransform-3.0.0.tgz",
          "dependencies": {
            "base62": {
              "version": "0.1.1",
              "from": "base62@0.1.1",
              "resolved": "https://registry.npmjs.org/base62/-/base62-0.1.1.tgz"
            },
            "source-map": {
              "version": "0.1.31",
              "from": "source-map@0.1.31",
              "resolved": "https://registry.npmjs.org/source-map/-/source-map-0.1.31.tgz",
              "dependencies": {
                "amdefine": {
                  "version": "0.1.0",
                  "from": "amdefine@>=0.0.4",
                  "resolved": "https://registry.npmjs.org/amdefine/-/amdefine-0.1.0.tgz"
                }
              }
            }
          }
        }
      }
    },
    "koa": {
      "version": "0.6.0",
      "from": "koa@0.6.0",
      "resolved": "https://registry.npmjs.org/koa/-/koa-0.6.0.tgz",
      "dependencies": {
        "escape-html": {
          "version": "1.0.1",
          "from": "escape-html@~1.0.1",
          "resolved": "https://registry.npmjs.org/escape-html/-/escape-html-1.0.1.tgz"
        },
        "statuses": {
          "version": "1.0.3",
          "from": "statuses@~1.0.1",
          "resolved": "https://registry.npmjs.org/statuses/-/statuses-1.0.3.tgz"
        },
        "accepts": {
          "version": "1.0.6",
          "from": "accepts@~1.0.0",
          "resolved": "https://registry.npmjs.org/accepts/-/accepts-1.0.6.tgz",
          "dependencies": {
            "mime-types": {
              "version": "1.0.1",
              "from": "mime-types@~1.0.0",
              "resolved": "https://registry.npmjs.org/mime-types/-/mime-types-1.0.1.tgz"
            },
            "negotiator": {
              "version": "0.4.7",
              "from": "negotiator@0.4.7",
              "resolved": "https://registry.npmjs.org/negotiator/-/negotiator-0.4.7.tgz"
            }
          }
        },
        "type-is": {
          "version": "1.1.0",
          "from": "type-is@~1.1.0",
          "resolved": "https://registry.npmjs.org/type-is/-/type-is-1.1.0.tgz",
          "dependencies": {
            "mime": {
              "version": "1.2.11",
              "from": "mime@1",
              "resolved": "https://registry.npmjs.org/mime/-/mime-1.2.11.tgz"
            }
          }
        },
        "set-type": {
          "version": "1.0.1",
          "from": "set-type@~1.0.0",
          "resolved": "https://registry.npmjs.org/set-type/-/set-type-1.0.1.tgz",
          "dependencies": {
            "mime": {
              "version": "1.2.11",
              "from": "mime@1",
              "resolved": "https://registry.npmjs.org/mime/-/mime-1.2.11.tgz"
            }
          }
        },
        "finished": {
          "version": "1.1.4",
          "from": "finished@~1.1.1",
          "resolved": "https://registry.npmjs.org/finished/-/finished-1.1.4.tgz"
        },
        "co": {
          "version": "3.0.6",
          "from": "co@~3.0.2",
          "resolved": "https://registry.npmjs.org/co/-/co-3.0.6.tgz"
        },
        "debug": {
          "version": "1.0.2",
          "from": "debug@*",
          "resolved": "https://registry.npmjs.org/debug/-/debug-1.0.2.tgz",
          "dependencies": {
            "ms": {
              "version": "0.6.2",
              "from": "ms@0.6.2",
              "resolved": "https://registry.npmjs.org/ms/-/ms-0.6.2.tgz"
            }
          }
        },
        "fresh": {
          "version": "0.2.2",
          "from": "fresh@~0.2.1",
          "resolved": "https://registry.npmjs.org/fresh/-/fresh-0.2.2.tgz"
        },
        "koa-compose": {
          "version": "2.2.0",
          "from": "koa-compose@~2.2.0",
          "resolved": "https://registry.npmjs.org/koa-compose/-/koa-compose-2.2.0.tgz"
        },
        "koa-is-json": {
          "version": "1.0.0",
          "from": "koa-is-json@~1.0.0",
          "resolved": "https://registry.npmjs.org/koa-is-json/-/koa-is-json-1.0.0.tgz"
        },
        "cookies": {
          "version": "0.4.1",
          "from": "cookies@~0.4.0",
          "resolved": "https://registry.npmjs.org/cookies/-/cookies-0.4.1.tgz",
          "dependencies": {
            "keygrip": {
              "version": "1.0.1",
              "from": "keygrip@~1.0.0",
              "resolved": "https://registry.npmjs.org/keygrip/-/keygrip-1.0.1.tgz"
            }
          }
        },
        "delegates": {
          "version": "0.0.3",
          "from": "delegates@0.0.3",
          "resolved": "https://registry.npmjs.org/delegates/-/delegates-0.0.3.tgz"
        },
        "dethroy": {
          "version": "1.0.1",
          "from": "dethroy@~1.0.0",
          "resolved": "https://registry.npmjs.org/dethroy/-/dethroy-1.0.1.tgz"
        },
        "error-inject": {
          "version": "1.0.0",
          "from": "error-inject@~1.0.0",
          "resolved": "https://registry.npmjs.org/error-inject/-/error-inject-1.0.0.tgz"
        },
        "only": {
          "version": "0.0.2",
          "from": "only@0.0.2",
          "resolved": "https://registry.npmjs.org/only/-/only-0.0.2.tgz"
        }
      }
    },
    "koa-static-cache": {
      "version": "1.0.10",
      "from": "koa-static-cache@",
      "resolved": "https://registry.npmjs.org/koa-static-cache/-/koa-static-cache-1.0.10.tgz",
      "dependencies": {
        "finished": {
          "version": "1.1.4",
          "from": "finished@~1.1.1",
          "resolved": "https://registry.npmjs.org/finished/-/finished-1.1.4.tgz"
        },
        "mime": {
          "version": "1.2.11",
          "from": "mime@~1.2.11",
          "resolved": "https://registry.npmjs.org/mime/-/mime-1.2.11.tgz"
        },
        "compressible": {
          "version": "1.0.1",
          "from": "compressible@~1.0.1",
          "resolved": "https://registry.npmjs.org/compressible/-/compressible-1.0.1.tgz"
        },
        "fs-readdir-recursive": {
          "version": "0.0.2",
          "from": "fs-readdir-recursive@>=0.0.2",
          "resolved": "https://registry.npmjs.org/fs-readdir-recursive/-/fs-readdir-recursive-0.0.2.tgz"
        },
        "debug": {
          "version": "1.0.2",
          "from": "debug@*",
          "resolved": "https://registry.npmjs.org/debug/-/debug-1.0.2.tgz",
          "dependencies": {
            "ms": {
              "version": "0.6.2",
              "from": "ms@0.6.2",
              "resolved": "https://registry.npmjs.org/ms/-/ms-0.6.2.tgz"
            }
          }
        }
      }
    },
    "nopt": {
      "version": "2.2.1",
      "from": "https://registry.npmjs.org/nopt/-/nopt-2.2.1.tgz",
      "resolved": "https://registry.npmjs.org/nopt/-/nopt-2.2.1.tgz",
      "dependencies": {
        "abbrev": {
          "version": "1.0.5",
          "from": "abbrev@1",
          "resolved": "https://registry.npmjs.org/abbrev/-/abbrev-1.0.5.tgz"
        }
      }
    },
    "react": {
      "version": "0.10.0",
      "from": "react@",
      "resolved": "https://registry.npmjs.org/react/-/react-0.10.0.tgz"
    },
    "ws": {
      "version": "0.4.31",
      "from": "https://registry.npmjs.org/ws/-/ws-0.4.31.tgz",
      "resolved": "https://registry.npmjs.org/ws/-/ws-0.4.31.tgz",
      "dependencies": {
        "commander": {
          "version": "0.6.1",
          "from": "commander@~0.6.1"
        },
        "nan": {
          "version": "0.3.2",
          "from": "nan@~0.3.0",
          "resolved": "https://registry.npmjs.org/nan/-/nan-0.3.2.tgz"
        },
        "tinycolor": {
          "version": "0.0.1",
          "from": "tinycolor@0.x"
        },
        "options": {
          "version": "0.0.5",
          "from": "options@>=0.0.5",
          "resolved": "https://registry.npmjs.org/options/-/options-0.0.5.tgz"
        }
      }
    }
  }
}
