{
  "name": "swarm",
  "version": "0.3.10",
  "dependencies": {
    "ws": {
      "version": "0.4.32",
      "from": "ws@~0.4.31",
      "resolved": "https://registry.npmjs.org/ws/-/ws-0.4.32.tgz",
      "dependencies": {
        "commander": {
          "version": "2.1.0",
          "from": "commander@~2.1.0",
          "resolved": "https://registry.npmjs.org/commander/-/commander-2.1.0.tgz"
        },
        "nan": {
          "version": "1.0.0",
          "from": "nan@~1.0.0",
          "resolved": "https://registry.npmjs.org/nan/-/nan-1.0.0.tgz"
        },
        "tinycolor": {
          "version": "0.0.1",
          "from": "tinycolor@0.x",
          "resolved": "https://registry.npmjs.org/tinycolor/-/tinycolor-0.0.1.tgz"
        },
        "options": {
          "version": "0.0.5",
          "from": "options@>=0.0.5",
          "resolved": "https://registry.npmjs.org/options/-/options-0.0.5.tgz"
        }
      }
    }
  }
}
