{
  "name": "swarm",
  "version": "0.3.0",
  "dependencies": {
    "jquery": {
      "version": "2.1.1",
      "from": "jquery@",
      "resolved": "https://registry.npmjs.org/jquery/-/jquery-2.1.1.tgz"
    },
    "koa": {
      "version": "0.6.0",
      "from": "koa@",
      "dependencies": {
        "escape-html": {
          "version": "1.0.1",
          "from": "escape-html@~1.0.1"
        },
        "statuses": {
          "version": "1.0.2",
          "from": "statuses@~1.0.1"
        },
        "accepts": {
          "version": "1.0.1",
          "from": "accepts@~1.0.0",
          "dependencies": {
            "mime": {
              "version": "1.2.11",
              "from": "mime@1"
            },
            "negotiator": {
              "version": "0.4.3",
              "from": "negotiator@~0.4.0"
            }
          }
        },
        "type-is": {
          "version": "1.1.0",
          "from": "type-is@~1.1.0",
          "dependencies": {
            "mime": {
              "version": "1.2.11",
              "from": "mime@1"
            }
          }
        },
        "set-type": {
          "version": "1.0.0",
          "from": "set-type@~1.0.0",
          "dependencies": {
            "mime": {
              "version": "1.2.11",
              "from": "mime@1"
            }
          }
        },
        "finished": {
          "version": "1.1.3",
          "from": "finished@~1.1.1"
        },
        "co": {
          "version": "3.0.6",
          "from": "co@~3.0.2"
        },
        "debug": {
          "version": "0.8.1",
          "from": "debug@*"
        },
        "fresh": {
          "version": "0.2.2",
          "from": "fresh@~0.2.1"
        },
        "koa-compose": {
          "version": "2.2.0",
          "from": "koa-compose@~2.2.0"
        },
        "koa-is-json": {
          "version": "1.0.0",
          "from": "koa-is-json@~1.0.0"
        },
        "cookies": {
          "version": "0.4.0",
          "from": "cookies@~0.4.0",
          "dependencies": {
            "keygrip": {
              "version": "1.0.0",
              "from": "keygrip@~1.0.0"
            }
          }
        },
        "delegates": {
          "version": "0.0.3",
          "from": "delegates@0.0.3"
        },
        "dethroy": {
          "version": "1.0.0",
          "from": "dethroy@~1.0.0"
        },
        "error-inject": {
          "version": "1.0.0",
          "from": "error-inject@~1.0.0"
        },
        "only": {
          "version": "0.0.2",
          "from": "only@0.0.2"
        }
      }
    },
    "koa-static-cache": {
      "version": "1.0.9",
      "from": "koa-static-cache@",
      "resolved": "https://registry.npmjs.org/koa-static-cache/-/koa-static-cache-1.0.9.tgz",
      "dependencies": {
        "finished": {
          "version": "1.1.3",
          "from": "finished@~1.1.1"
        },
        "mime": {
          "version": "1.2.11",
          "from": "mime@~1.2.11"
        },
        "compressible": {
          "version": "1.0.1",
          "from": "compressible@~1.0.1",
          "resolved": "https://registry.npmjs.org/compressible/-/compressible-1.0.1.tgz"
        },
        "fs-readdir-recursive": {
          "version": "0.0.2",
          "from": "fs-readdir-recursive@~0.0.1",
          "resolved": "https://registry.npmjs.org/fs-readdir-recursive/-/fs-readdir-recursive-0.0.2.tgz"
        },
        "debug": {
          "version": "0.8.1",
          "from": "debug@*"
        }
      }
    },
    "nopt": {
      "version": "2.2.1",
      "from": "nopt@",
      "resolved": "https://registry.npmjs.org/nopt/-/nopt-2.2.1.tgz",
      "dependencies": {
        "abbrev": {
          "version": "1.0.5",
          "from": "abbrev@1",
          "resolved": "https://registry.npmjs.org/abbrev/-/abbrev-1.0.5.tgz"
        }
      }
    },
    "react": {
      "version": "0.11.0",
      "from": "https://registry.npmjs.org/react/-/react-0.11.0.tgz",
      "resolved": "https://registry.npmjs.org/react/-/react-0.11.0.tgz",
      "dependencies": {
        "envify": {
          "version": "2.0.1",
          "from": "envify@^2.0.0",
          "resolved": "https://registry.npmjs.org/envify/-/envify-2.0.1.tgz",
          "dependencies": {
            "xtend": {
              "version": "2.1.2",
              "from": "xtend@~2.1.2",
              "dependencies": {
                "object-keys": {
                  "version": "0.4.0",
                  "from": "object-keys@~0.4.0"
                }
              }
            },
            "through": {
              "version": "2.3.4",
              "from": "through@~2.3.4"
            },
            "esprima-fb": {
              "version": "3001.1.0-dev-harmony-fb",
              "from": "esprima-fb@~3001.1.0-dev-harmony-fb"
            },
            "jstransform": {
              "version": "3.0.0",
              "from": "jstransform@~3.0.0",
              "dependencies": {
                "base62": {
                  "version": "0.1.1",
                  "from": "base62@0.1.1",
                  "resolved": "https://registry.npmjs.org/base62/-/base62-0.1.1.tgz"
                },
                "source-map": {
                  "version": "0.1.31",
                  "from": "source-map@0.1.31",
                  "resolved": "https://registry.npmjs.org/source-map/-/source-map-0.1.31.tgz",
                  "dependencies": {
                    "amdefine": {
                      "version": "0.1.0",
                      "from": "amdefine@>=0.0.4"
                    }
                  }
                }
              }
            }
          }
        }
      }
    },
    "ws": {
      "version": "0.4.31",
      "from": "ws@~0.4.31",
      "resolved": "https://registry.npmjs.org/ws/-/ws-0.4.31.tgz",
      "dependencies": {
        "commander": {
          "version": "0.6.1",
          "from": "commander@~0.6.1"
        },
        "nan": {
          "version": "0.3.2",
          "from": "nan@~0.3.0",
          "resolved": "https://registry.npmjs.org/nan/-/nan-0.3.2.tgz"
        },
        "tinycolor": {
          "version": "0.0.1",
          "from": "tinycolor@0.x"
        },
        "options": {
          "version": "0.0.5",
          "from": "options@>=0.0.5"
        }
      }
    }
  }
}
